# Generated by move; do not edit
# This file should be checked in.

[move]
version = 4

[pinned.mainnet.MoveStdlib]
source = { git = "https://github.com/MystenLabs/sui.git", subdir = "crates/sui-framework/packages/move-stdlib", rev = "73dd2c2ba6f9fdb21d7ffde2b50a3f2f0ac39bc1" }
use_environment = "mainnet"
manifest_digest = "C4FE4C91DE74CBF223B2E380AE40F592177D21870DC2D7EB6227D2D694E05363"
deps = {}

[pinned.mainnet.Sui]
source = { git = "https://github.com/MystenLabs/sui.git", subdir = "crates/sui-framework/packages/sui-framework", rev = "73dd2c2ba6f9fdb21d7ffde2b50a3f2f0ac39bc1" }
use_environment = "mainnet"
manifest_digest = "CD547CB1ACCE0880C835DAED2D8FFCB91D56C833AE5240D3AA5B918398263195"
deps = { MoveStdlib = "MoveStdlib" }

[pinned.mainnet.ptb]
source = { git = "https://github.com/MystenLabs/pas.git", subdir = "packages/ptb", rev = "b64f0c58c60888de99ad9c5a72e9f0289aa7b6fc" }
use_environment = "mainnet"
manifest_digest = "E41BBD67BE8940D26C79D78B028477EF5B33BA217A1282C78ACB344CF8A5ECF6"
deps = { std = "MoveStdlib", sui = "Sui" }

[pinned.mainnet.world]
source = { root = true }
use_environment = "mainnet"
manifest_digest = "5A39E18B085A28D9AE31CC1BC668CBCD81EFDDCBC859922FEB0F0B99F55E8459"
deps = { ptb = "ptb", std = "MoveStdlib", sui = "Sui" }

[pinned.testnet.MoveStdlib]
source = { git = "https://github.com/MystenLabs/sui.git", subdir = "crates/sui-framework/packages/move-stdlib", rev = "73dd2c2ba6f9fdb21d7ffde2b50a3f2f0ac39bc1" }
use_environment = "testnet"
manifest_digest = "C4FE4C91DE74CBF223B2E380AE40F592177D21870DC2D7EB6227D2D694E05363"
deps = {}

[pinned.testnet.Sui]
source = { git = "https://github.com/MystenLabs/sui.git", subdir = "crates/sui-framework/packages/sui-framework", rev = "73dd2c2ba6f9fdb21d7ffde2b50a3f2f0ac39bc1" }
use_environment = "testnet"
manifest_digest = "7AFB66695545775FBFBB2D3078ADFD084244D5002392E837FDE21D9EA1C6D01C"
deps = { MoveStdlib = "MoveStdlib" }

[pinned.testnet.ptb]
source = { git = "https://github.com/MystenLabs/pas.git", subdir = "packages/ptb", rev = "b64f0c58c60888de99ad9c5a72e9f0289aa7b6fc" }
use_environment = "testnet"
manifest_digest = "5745706258F61D6CE210904B3E6AE87A73CE9D31A6F93BE4718C442529332A87"
deps = { std = "MoveStdlib", sui = "Sui" }

[pinned.testnet.world]
source = { root = true }
use_environment = "testnet"
manifest_digest = "26FC4890B4BB491D550E5FAFD0702EFA33CE886A3A429DD69A9BABD423F50E5C"
deps = { ptb = "ptb", std = "MoveStdlib", sui = "Sui" }
